dependencies:
- name: dex
  repository: https://charts.helm.sh/stable
  version: 2.15.2
- name: oauth2-proxy
  repository: https://charts.helm.sh/stable
  version: 3.2.5
- name: httpbin
  repository: https://conservis.github.io/helm-charts
  version: 1.1.0
- name: hello-world
  repository: https://conservis.github.io/helm-charts
  version: 1.0.1
digest: sha256:7e7bf4fbd6cdca944dd2e63c7a7b8aff54287ea957f105a4954e04bb814b90eb
generated: "2024-11-21T04:45:08.788942211Z"
