dependencies:
- name: dex
  repository: https://charts.helm.sh/stable
  version: 2.15.2
- name: oauth2-proxy
  repository: https://charts.helm.sh/stable
  version: 3.1.0
- name: httpbin
  repository: https://conservis.github.io/helm-charts
  version: 1.1.0
- name: hello-world
  repository: https://conservis.github.io/helm-charts
  version: 1.0.1
digest: sha256:219b3451f53e32fbba82e2e246676335beda4a192b6dab0b30a72449aaf081e0
generated: "2024-11-21T00:40:07.238300976Z"
